
Microsoft Visual Studio Solution File, Format Version 12.00
# Visual Studio 15
Project("{FAE04EC0-301F-11D3-BF4B-00C04F79EFBC}") = "GameOfSurvival", "GameOfSurvival.csproj", "{B8E9A9B3-1498-54BA-AC1F-02609FD08E33}"
EndProject
Project("{FAE04EC0-301F-11D3-BF4B-00C04F79EFBC}") = "GameOfSurvival.Plugins", "GameOfSurvival.Plugins.csproj", "{C0270D2D-E96E-AB45-4DFF-3F1F70FED15A}"
EndProject
Project("{FAE04EC0-301F-11D3-BF4B-00C04F79EFBC}") = "GameOfSurvival.Editor.Plugins", "GameOfSurvival.Editor.Plugins.csproj", "{02079FC6-834A-5CDB-BADE-86192A2E819F}"
EndProject
Project("{FAE04EC0-301F-11D3-BF4B-00C04F79EFBC}") = "GameOfSurvival.Editor", "GameOfSurvival.Editor.csproj", "{9F2DB54A-2DEB-4E3A-96A4-B97977BD9B19}"
EndProject
Global
	GlobalSection(SolutionConfigurationPlatforms) = preSolution
		Debug|Any CPU = Debug|Any CPU
		Release|Any CPU = Release|Any CPU
	EndGlobalSection
	GlobalSection(ProjectConfigurationPlatforms) = postSolution
		{B8E9A9B3-1498-54BA-AC1F-02609FD08E33}.Debug|Any CPU.ActiveCfg = Debug|Any CPU
		{B8E9A9B3-1498-54BA-AC1F-02609FD08E33}.Debug|Any CPU.Build.0 = Debug|Any CPU
		{B8E9A9B3-1498-54BA-AC1F-02609FD08E33}.Release|Any CPU.ActiveCfg = Release|Any CPU
		{B8E9A9B3-1498-54BA-AC1F-02609FD08E33}.Release|Any CPU.Build.0 = Release|Any CPU
		{C0270D2D-E96E-AB45-4DFF-3F1F70FED15A}.Debug|Any CPU.ActiveCfg = Debug|Any CPU
		{C0270D2D-E96E-AB45-4DFF-3F1F70FED15A}.Debug|Any CPU.Build.0 = Debug|Any CPU
		{C0270D2D-E96E-AB45-4DFF-3F1F70FED15A}.Release|Any CPU.ActiveCfg = Release|Any CPU
		{C0270D2D-E96E-AB45-4DFF-3F1F70FED15A}.Release|Any CPU.Build.0 = Release|Any CPU
		{02079FC6-834A-5CDB-BADE-86192A2E819F}.Debug|Any CPU.ActiveCfg = Debug|Any CPU
		{02079FC6-834A-5CDB-BADE-86192A2E819F}.Debug|Any CPU.Build.0 = Debug|Any CPU
		{02079FC6-834A-5CDB-BADE-86192A2E819F}.Release|Any CPU.ActiveCfg = Release|Any CPU
		{02079FC6-834A-5CDB-BADE-86192A2E819F}.Release|Any CPU.Build.0 = Release|Any CPU
		{9F2DB54A-2DEB-4E3A-96A4-B97977BD9B19}.Debug|Any CPU.ActiveCfg = Debug|Any CPU
		{9F2DB54A-2DEB-4E3A-96A4-B97977BD9B19}.Debug|Any CPU.Build.0 = Debug|Any CPU
		{9F2DB54A-2DEB-4E3A-96A4-B97977BD9B19}.Release|Any CPU.ActiveCfg = Release|Any CPU
		{9F2DB54A-2DEB-4E3A-96A4-B97977BD9B19}.Release|Any CPU.Build.0 = Release|Any CPU
	EndGlobalSection
	GlobalSection(SolutionProperties) = preSolution
		HideSolutionNode = FALSE
	EndGlobalSection
EndGlobal
